{
  "name": "trueforge-sdk-smoke",
  "lockfileVersion": 3,
  "requires": true,
  "packages": {
    "": {
      "name": "trueforge-sdk-smoke",
      "dependencies": {
        "@truefoundry/trueforge-sdk": "^0.1.2"
      }
    },
    "node_modules/@truefoundry/trueforge-sdk": {
      "version": "0.1.2",
      "resolved": "https://registry.npmjs.org/@truefoundry/trueforge-sdk/-/trueforge-sdk-0.1.2.tgz",
      "integrity": "sha512-diO0ejE8f1KdNKfMtthGc4mWseqX+xUuUoDKxmsKiQwo/aLAJFlsmoRp9sn8FkPYNEFB5cCBHxc1Vm7yrO7E7w==",
      "license": "MIT",
      "engines": {
        "node": ">=22"
      }
    }
  }
}
